# This file is @generated by PDM.
# It is not intended for manual editing.

[metadata]
groups = ["default", "dev"]
strategy = ["inherit_metadata"]
lock_version = "4.5.0"
content_hash = "sha256:19da80f0e3dcd455d258b01c391d1ebb52302549b0f7803713b3961976b70b6c"

[[metadata.targets]]
requires_python = "==3.11.*"

[[package]]
name = "asgiref"
version = "3.8.1"
requires_python = ">=3.8"
summary = "ASGI specs, helper code, and adapters"
groups = ["default", "dev"]
dependencies = [
    "typing-extensions>=4; python_version < \"3.11\"",
]
files = [
    {file = "asgiref-3.8.1-py3-none-any.whl", hash = "sha256:3e1e3ecc849832fe52ccf2cb6686b7a55f82bb1d6aee72a58826471390335e47"},
    {file = "asgiref-3.8.1.tar.gz", hash = "sha256:c343bd80a0bec947a9860adb4c432ffa7db769836c64238fc34bdc3fec84d590"},
]

[[package]]
name = "attrs"
version = "23.2.0"
requires_python = ">=3.7"
summary = "Classes Without Boilerplate"
groups = ["dev"]
dependencies = [
    "importlib-metadata; python_version < \"3.8\"",
]
files = [
    {file = "attrs-23.2.0-py3-none-any.whl", hash = "sha256:99b87a485a5820b23b879f04c2305b44b951b502fd64be915879d77a7e8fc6f1"},
    {file = "attrs-23.2.0.tar.gz", hash = "sha256:935dc3b529c262f6cf76e50877d35a4bd3c1de194fd41f47a2b7ae8f19971f30"},
]

[[package]]
name = "colorama"
version = "0.4.6"
requires_python = "!=3.0.*,!=3.1.*,!=3.2.*,!=3.3.*,!=3.4.*,!=3.5.*,!=3.6.*,>=2.7"
summary = "Cross-platform colored terminal text."
groups = ["dev"]
marker = "sys_platform == \"win32\""
files = [
    {file = "colorama-0.4.6-py2.py3-none-any.whl", hash = "sha256:4f1d9991f5acc0ca119f9d443620b77f9d6b33703e51011c16baf57afb285fc6"},
    {file = "colorama-0.4.6.tar.gz", hash = "sha256:08695f5cb7ed6e0531a20572697297273c47b8cae5a63ffc6d6ed5c201be6e44"},
]

[[package]]
name = "django"
version = "5.0.4"
requires_python = ">=3.10"
summary = "A high-level Python web framework that encourages rapid development and clean, pragmatic design."
groups = ["default", "dev"]
dependencies = [
    "asgiref<4,>=3.7.0",
    "sqlparse>=0.3.1",
    "tzdata; sys_platform == \"win32\"",
]
files = [
    {file = "Django-5.0.4-py3-none-any.whl", hash = "sha256:916423499d75d62da7aa038d19aef23d23498d8df229775eb0a6309ee1013775"},
    {file = "Django-5.0.4.tar.gz", hash = "sha256:4bd01a8c830bb77a8a3b0e7d8b25b887e536ad17a81ba2dce5476135c73312bd"},
]

[[package]]
name = "django-debug-toolbar"
version = "4.2.0"
requires_python = ">=3.8"
summary = "A configurable set of panels that display various debug information about the current request/response."
groups = ["dev"]
dependencies = [
    "django>=3.2.4",
    "sqlparse>=0.2",
]
files = [
    {file = "django_debug_toolbar-4.2.0-py3-none-any.whl", hash = "sha256:af99128c06e8e794479e65ab62cc6c7d1e74e1c19beb44dcbf9bad7a9c017327"},
    {file = "django_debug_toolbar-4.2.0.tar.gz", hash = "sha256:bc7fdaafafcdedefcc67a4a5ad9dac96efd6e41db15bc74d402a54a2ba4854dc"},
]

[[package]]
name = "djangorestframework"
version = "3.14.0"
requires_python = ">=3.6"
summary = "Web APIs for Django, made easy."
groups = ["default", "dev"]
dependencies = [
    "django>=3.0",
    "pytz",
]
files = [
    {file = "djangorestframework-3.14.0-py3-none-any.whl", hash = "sha256:eb63f58c9f218e1a7d064d17a70751f528ed4e1d35547fdade9aaf4cd103fd08"},
    {file = "djangorestframework-3.14.0.tar.gz", hash = "sha256:579a333e6256b09489cbe0a067e66abe55c6595d8926be6b99423786334350c8"},
]

[[package]]
name = "djangorestframework-simplejwt"
version = "5.5.0"
requires_python = ">=3.9"
summary = "A minimal JSON Web Token authentication plugin for Django REST Framework"
groups = ["default"]
dependencies = [
    "django>=4.2",
    "djangorestframework>=3.14",
    "pyjwt<2.10.0,>=1.7.1",
]
files = [
    {file = "djangorestframework_simplejwt-5.5.0-py3-none-any.whl", hash = "sha256:4ef6b38af20cdde4a4a51d1fd8e063cbbabb7b45f149cc885d38d905c5a62edb"},
    {file = "djangorestframework_simplejwt-5.5.0.tar.gz", hash = "sha256:474a1b737067e6462b3609627a392d13a4da8a08b1f0574104ac6d7b1406f90e"},
]

[[package]]
name = "drf-spectacular"
version = "0.26.5"
requires_python = ">=3.6"
summary = "Sane and flexible OpenAPI 3 schema generation for Django REST framework"
groups = ["dev"]
dependencies = [
    "Django>=2.2",
    "PyYAML>=5.1",
    "djangorestframework>=3.10.3",
    "inflection>=0.3.1",
    "jsonschema>=2.6.0",
    "typing-extensions; python_version < \"3.8\"",
    "uritemplate>=2.0.0",
]
files = [
    {file = "drf-spectacular-0.26.5.tar.gz", hash = "sha256:aee55330a774ba8a9cbdb125714d1c9ee05a8aafd3ce3be8bfd26527649aeb44"},
    {file = "drf_spectacular-0.26.5-py3-none-any.whl", hash = "sha256:c0002a820b11771fdbf37853deb371947caf0159d1afeeffe7598e964bc1db94"},
]

[[package]]
name = "drf-writable-nested"
version = "0.7.0"
requires_python = ">=3.7"
summary = "Writable nested helpers for django-rest-framework's serializers"
groups = ["default"]
files = [
    {file = "drf_writable_nested-0.7.0-py3-none-any.whl", hash = "sha256:154c0381e8a3a477e0fd539d5e1caf8ff4c1097a9c0c0fe741d4858b11b0455b"},
]

[[package]]
name = "inflection"
version = "0.5.1"
requires_python = ">=3.5"
summary = "A port of Ruby on Rails inflector to Python"
groups = ["dev"]
files = [
    {file = "inflection-0.5.1-py2.py3-none-any.whl", hash = "sha256:f38b2b640938a4f35ade69ac3d053042959b62a0f1076a5bbaa1b9526605a8a2"},
    {file = "inflection-0.5.1.tar.gz", hash = "sha256:1a29730d366e996aaacffb2f1f1cb9593dc38e2ddd30c91250c6dde09ea9b417"},
]

[[package]]
name = "iniconfig"
version = "2.1.0"
requires_python = ">=3.8"
summary = "brain-dead simple config-ini parsing"
groups = ["dev"]
files = [
    {file = "iniconfig-2.1.0-py3-none-any.whl", hash = "sha256:9deba5723312380e77435581c6bf4935c94cbfab9b1ed33ef8d238ea168eb760"},
    {file = "iniconfig-2.1.0.tar.gz", hash = "sha256:3abbd2e30b36733fee78f9c7f7308f2d0050e88f0087fd25c2645f63c773e1c7"},
]

[[package]]
name = "jsonschema"
version = "4.22.0"
requires_python = ">=3.8"
summary = "An implementation of JSON Schema validation for Python"
groups = ["dev"]
dependencies = [
    "attrs>=22.2.0",
    "importlib-resources>=1.4.0; python_version < \"3.9\"",
    "jsonschema-specifications>=2023.03.6",
    "pkgutil-resolve-name>=1.3.10; python_version < \"3.9\"",
    "referencing>=0.28.4",
    "rpds-py>=0.7.1",
]
files = [
    {file = "jsonschema-4.22.0-py3-none-any.whl", hash = "sha256:ff4cfd6b1367a40e7bc6411caec72effadd3db0bbe5017de188f2d6108335802"},
    {file = "jsonschema-4.22.0.tar.gz", hash = "sha256:5b22d434a45935119af990552c862e5d6d564e8f6601206b305a61fdf661a2b7"},
]

[[package]]
name = "jsonschema-specifications"
version = "2023.12.1"
requires_python = ">=3.8"
summary = "The JSON Schema meta-schemas and vocabularies, exposed as a Registry"
groups = ["dev"]
dependencies = [
    "importlib-resources>=1.4.0; python_version < \"3.9\"",
    "referencing>=0.31.0",
]
files = [
    {file = "jsonschema_specifications-2023.12.1-py3-none-any.whl", hash = "sha256:87e4fdf3a94858b8a2ba2778d9ba57d8a9cafca7c7489c46ba0d30a8bc6a9c3c"},
    {file = "jsonschema_specifications-2023.12.1.tar.gz", hash = "sha256:48a76787b3e70f5ed53f1160d2b81f586e4ca6d1548c5de7085d1682674764cc"},
]

[[package]]
name = "packaging"
version = "24.2"
requires_python = ">=3.8"
summary = "Core utilities for Python packages"
groups = ["dev"]
files = [
    {file = "packaging-24.2-py3-none-any.whl", hash = "sha256:09abb1bccd265c01f4a3aa3f7a7db064b36514d2cba19a2f694fe6150451a759"},
    {file = "packaging-24.2.tar.gz", hash = "sha256:c228a6dc5e932d346bc5739379109d49e8853dd8223571c7c5b55260edc0b97f"},
]

[[package]]
name = "pluggy"
version = "1.5.0"
requires_python = ">=3.8"
summary = "plugin and hook calling mechanisms for python"
groups = ["dev"]
files = [
    {file = "pluggy-1.5.0-py3-none-any.whl", hash = "sha256:44e1ad92c8ca002de6377e165f3e0f1be63266ab4d554740532335b9d75ea669"},
    {file = "pluggy-1.5.0.tar.gz", hash = "sha256:2cffa88e94fdc978c4c574f15f9e59b7f4201d439195c3715ca9e2486f1d0cf1"},
]

[[package]]
name = "pyjwt"
version = "2.9.0"
requires_python = ">=3.8"
summary = "JSON Web Token implementation in Python"
groups = ["default"]
files = [
    {file = "PyJWT-2.9.0-py3-none-any.whl", hash = "sha256:3b02fb0f44517787776cf48f2ae25d8e14f300e6d7545a4315cee571a415e850"},
    {file = "pyjwt-2.9.0.tar.gz", hash = "sha256:7e1e5b56cc735432a7369cbfa0efe50fa113ebecdc04ae6922deba8b84582d0c"},
]

[[package]]
name = "pytest"
version = "8.3.5"
requires_python = ">=3.8"
summary = "pytest: simple powerful testing with Python"
groups = ["dev"]
dependencies = [
    "colorama; sys_platform == \"win32\"",
    "exceptiongroup>=1.0.0rc8; python_version < \"3.11\"",
    "iniconfig",
    "packaging",
    "pluggy<2,>=1.5",
    "tomli>=1; python_version < \"3.11\"",
]
files = [
    {file = "pytest-8.3.5-py3-none-any.whl", hash = "sha256:c69214aa47deac29fad6c2a4f590b9c4a9fdb16a403176fe154b79c0b4d4d820"},
    {file = "pytest-8.3.5.tar.gz", hash = "sha256:f4efe70cc14e511565ac476b57c279e12a855b11f48f212af1080ef2263d3845"},
]

[[package]]
name = "pytest-django"
version = "4.11.1"
requires_python = ">=3.8"
summary = "A Django plugin for pytest."
groups = ["dev"]
dependencies = [
    "pytest>=7.0.0",
]
files = [
    {file = "pytest_django-4.11.1-py3-none-any.whl", hash = "sha256:1b63773f648aa3d8541000c26929c1ea63934be1cfa674c76436966d73fe6a10"},
    {file = "pytest_django-4.11.1.tar.gz", hash = "sha256:a949141a1ee103cb0e7a20f1451d355f83f5e4a5d07bdd4dcfdd1fd0ff227991"},
]

[[package]]
name = "pytz"
version = "2024.1"
summary = "World timezone definitions, modern and historical"
groups = ["default", "dev"]
files = [
    {file = "pytz-2024.1-py2.py3-none-any.whl", hash = "sha256:328171f4e3623139da4983451950b28e95ac706e13f3f2630a879749e7a8b319"},
    {file = "pytz-2024.1.tar.gz", hash = "sha256:2a29735ea9c18baf14b448846bde5a48030ed267578472d8955cd0e7443a9812"},
]

[[package]]
name = "pyyaml"
version = "6.0.1"
requires_python = ">=3.6"
summary = "YAML parser and emitter for Python"
groups = ["dev"]
files = [
    {file = "PyYAML-6.0.1-cp311-cp311-macosx_10_9_x86_64.whl", hash = "sha256:6965a7bc3cf88e5a1c3bd2e0b5c22f8d677dc88a455344035f03399034eb3007"},
    {file = "PyYAML-6.0.1-cp311-cp311-macosx_11_0_arm64.whl", hash = "sha256:f003ed9ad21d6a4713f0a9b5a7a0a79e08dd0f221aff4525a2be4c346ee60aab"},
    {file = "PyYAML-6.0.1-cp311-cp311-manylinux_2_17_aarch64.manylinux2014_aarch64.whl", hash = "sha256:42f8152b8dbc4fe7d96729ec2b99c7097d656dc1213a3229ca5383f973a5ed6d"},
    {file = "PyYAML-6.0.1-cp311-cp311-manylinux_2_17_s390x.manylinux2014_s390x.whl", hash = "sha256:062582fca9fabdd2c8b54a3ef1c978d786e0f6b3a1510e0ac93ef59e0ddae2bc"},
    {file = "PyYAML-6.0.1-cp311-cp311-manylinux_2_17_x86_64.manylinux2014_x86_64.whl", hash = "sha256:d2b04aac4d386b172d5b9692e2d2da8de7bfb6c387fa4f801fbf6fb2e6ba4673"},
    {file = "PyYAML-6.0.1-cp311-cp311-musllinux_1_1_x86_64.whl", hash = "sha256:e7d73685e87afe9f3b36c799222440d6cf362062f78be1013661b00c5c6f678b"},
    {file = "PyYAML-6.0.1-cp311-cp311-win32.whl", hash = "sha256:1635fd110e8d85d55237ab316b5b011de701ea0f29d07611174a1b42f1444741"},
    {file = "PyYAML-6.0.1-cp311-cp311-win_amd64.whl", hash = "sha256:bf07ee2fef7014951eeb99f56f39c9bb4af143d8aa3c21b1677805985307da34"},
    {file = "PyYAML-6.0.1.tar.gz", hash = "sha256:bfdf460b1736c775f2ba9f6a92bca30bc2095067b8a9d77876d1fad6cc3b4a43"},
]

[[package]]
name = "referencing"
version = "0.35.1"
requires_python = ">=3.8"
summary = "JSON Referencing + Python"
groups = ["dev"]
dependencies = [
    "attrs>=22.2.0",
    "rpds-py>=0.7.0",
]
files = [
    {file = "referencing-0.35.1-py3-none-any.whl", hash = "sha256:eda6d3234d62814d1c64e305c1331c9a3a6132da475ab6382eaa997b21ee75de"},
    {file = "referencing-0.35.1.tar.gz", hash = "sha256:25b42124a6c8b632a425174f24087783efb348a6f1e0008e63cd4466fedf703c"},
]

[[package]]
name = "rpds-py"
version = "0.18.0"
requires_python = ">=3.8"
summary = "Python bindings to Rust's persistent data structures (rpds)"
groups = ["dev"]
files = [
    {file = "rpds_py-0.18.0-cp311-cp311-macosx_10_12_x86_64.whl", hash = "sha256:3a96e0c6a41dcdba3a0a581bbf6c44bb863f27c541547fb4b9711fd8cf0ffad4"},
    {file = "rpds_py-0.18.0-cp311-cp311-macosx_11_0_arm64.whl", hash = "sha256:30f43887bbae0d49113cbaab729a112251a940e9b274536613097ab8b4899cf6"},
    {file = "rpds_py-0.18.0-cp311-cp311-manylinux_2_17_aarch64.manylinux2014_aarch64.whl", hash = "sha256:fcb25daa9219b4cf3a0ab24b0eb9a5cc8949ed4dc72acb8fa16b7e1681aa3c58"},
    {file = "rpds_py-0.18.0-cp311-cp311-manylinux_2_17_armv7l.manylinux2014_armv7l.whl", hash = "sha256:d68c93e381010662ab873fea609bf6c0f428b6d0bb00f2c6939782e0818d37bf"},
    {file = "rpds_py-0.18.0-cp311-cp311-manylinux_2_17_ppc64le.manylinux2014_ppc64le.whl", hash = "sha256:b34b7aa8b261c1dbf7720b5d6f01f38243e9b9daf7e6b8bc1fd4657000062f2c"},
    {file = "rpds_py-0.18.0-cp311-cp311-manylinux_2_17_s390x.manylinux2014_s390x.whl", hash = "sha256:2e6d75ab12b0bbab7215e5d40f1e5b738aa539598db27ef83b2ec46747df90e1"},
    {file = "rpds_py-0.18.0-cp311-cp311-manylinux_2_17_x86_64.manylinux2014_x86_64.whl", hash = "sha256:0b8612cd233543a3781bc659c731b9d607de65890085098986dfd573fc2befe5"},
    {file = "rpds_py-0.18.0-cp311-cp311-manylinux_2_5_i686.manylinux1_i686.whl", hash = "sha256:aec493917dd45e3c69d00a8874e7cbed844efd935595ef78a0f25f14312e33c6"},
    {file = "rpds_py-0.18.0-cp311-cp311-musllinux_1_2_aarch64.whl", hash = "sha256:661d25cbffaf8cc42e971dd570d87cb29a665f49f4abe1f9e76be9a5182c4688"},
    {file = "rpds_py-0.18.0-cp311-cp311-musllinux_1_2_i686.whl", hash = "sha256:1df3659d26f539ac74fb3b0c481cdf9d725386e3552c6fa2974f4d33d78e544b"},
    {file = "rpds_py-0.18.0-cp311-cp311-musllinux_1_2_x86_64.whl", hash = "sha256:a1ce3ba137ed54f83e56fb983a5859a27d43a40188ba798993812fed73c70836"},
    {file = "rpds_py-0.18.0-cp311-none-win32.whl", hash = "sha256:69e64831e22a6b377772e7fb337533c365085b31619005802a79242fee620bc1"},
    {file = "rpds_py-0.18.0-cp311-none-win_amd64.whl", hash = "sha256:998e33ad22dc7ec7e030b3df701c43630b5bc0d8fbc2267653577e3fec279afa"},
    {file = "rpds_py-0.18.0-pp310-pypy310_pp73-macosx_10_12_x86_64.whl", hash = "sha256:ad36cfb355e24f1bd37cac88c112cd7730873f20fb0bdaf8ba59eedf8216079f"},
    {file = "rpds_py-0.18.0-pp310-pypy310_pp73-macosx_11_0_arm64.whl", hash = "sha256:36b3ee798c58ace201289024b52788161e1ea133e4ac93fba7d49da5fec0ef9e"},
    {file = "rpds_py-0.18.0-pp310-pypy310_pp73-manylinux_2_17_aarch64.manylinux2014_aarch64.whl", hash = "sha256:f8a2f084546cc59ea99fda8e070be2fd140c3092dc11524a71aa8f0f3d5a55ca"},
    {file = "rpds_py-0.18.0-pp310-pypy310_pp73-manylinux_2_17_armv7l.manylinux2014_armv7l.whl", hash = "sha256:e4461d0f003a0aa9be2bdd1b798a041f177189c1a0f7619fe8c95ad08d9a45d7"},
    {file = "rpds_py-0.18.0-pp310-pypy310_pp73-manylinux_2_17_ppc64le.manylinux2014_ppc64le.whl", hash = "sha256:8db715ebe3bb7d86d77ac1826f7d67ec11a70dbd2376b7cc214199360517b641"},
    {file = "rpds_py-0.18.0-pp310-pypy310_pp73-manylinux_2_17_s390x.manylinux2014_s390x.whl", hash = "sha256:793968759cd0d96cac1e367afd70c235867831983f876a53389ad869b043c948"},
    {file = "rpds_py-0.18.0-pp310-pypy310_pp73-manylinux_2_17_x86_64.manylinux2014_x86_64.whl", hash = "sha256:66e6a3af5a75363d2c9a48b07cb27c4ea542938b1a2e93b15a503cdfa8490795"},
    {file = "rpds_py-0.18.0-pp310-pypy310_pp73-manylinux_2_5_i686.manylinux1_i686.whl", hash = "sha256:6ef0befbb5d79cf32d0266f5cff01545602344eda89480e1dd88aca964260b18"},
    {file = "rpds_py-0.18.0-pp310-pypy310_pp73-musllinux_1_2_aarch64.whl", hash = "sha256:1d4acf42190d449d5e89654d5c1ed3a4f17925eec71f05e2a41414689cda02d1"},
    {file = "rpds_py-0.18.0-pp310-pypy310_pp73-musllinux_1_2_i686.whl", hash = "sha256:a5f446dd5055667aabaee78487f2b5ab72e244f9bc0b2ffebfeec79051679984"},
    {file = "rpds_py-0.18.0-pp310-pypy310_pp73-musllinux_1_2_x86_64.whl", hash = "sha256:9dbbeb27f4e70bfd9eec1be5477517365afe05a9b2c441a0b21929ee61048124"},
    {file = "rpds_py-0.18.0-pp38-pypy38_pp73-macosx_10_12_x86_64.whl", hash = "sha256:22806714311a69fd0af9b35b7be97c18a0fc2826e6827dbb3a8c94eac6cf7eeb"},
    {file = "rpds_py-0.18.0-pp38-pypy38_pp73-macosx_11_0_arm64.whl", hash = "sha256:b34ae4636dfc4e76a438ab826a0d1eed2589ca7d9a1b2d5bb546978ac6485461"},
    {file = "rpds_py-0.18.0-pp38-pypy38_pp73-manylinux_2_17_aarch64.manylinux2014_aarch64.whl", hash = "sha256:8c8370641f1a7f0e0669ddccca22f1da893cef7628396431eb445d46d893e5cd"},
    {file = "rpds_py-0.18.0-pp38-pypy38_pp73-manylinux_2_17_armv7l.manylinux2014_armv7l.whl", hash = "sha256:c8362467a0fdeccd47935f22c256bec5e6abe543bf0d66e3d3d57a8fb5731863"},
    {file = "rpds_py-0.18.0-pp38-pypy38_pp73-manylinux_2_17_ppc64le.manylinux2014_ppc64le.whl", hash = "sha256:11a8c85ef4a07a7638180bf04fe189d12757c696eb41f310d2426895356dcf05"},
    {file = "rpds_py-0.18.0-pp38-pypy38_pp73-manylinux_2_17_s390x.manylinux2014_s390x.whl", hash = "sha256:b316144e85316da2723f9d8dc75bada12fa58489a527091fa1d5a612643d1a0e"},
    {file = "rpds_py-0.18.0-pp38-pypy38_pp73-manylinux_2_17_x86_64.manylinux2014_x86_64.whl", hash = "sha256:cf1ea2e34868f6fbf070e1af291c8180480310173de0b0c43fc38a02929fc0e3"},
    {file = "rpds_py-0.18.0-pp38-pypy38_pp73-manylinux_2_5_i686.manylinux1_i686.whl", hash = "sha256:e546e768d08ad55b20b11dbb78a745151acbd938f8f00d0cfbabe8b0199b9880"},
    {file = "rpds_py-0.18.0-pp38-pypy38_pp73-musllinux_1_2_aarch64.whl", hash = "sha256:4901165d170a5fde6f589acb90a6b33629ad1ec976d4529e769c6f3d885e3e80"},
    {file = "rpds_py-0.18.0-pp38-pypy38_pp73-musllinux_1_2_i686.whl", hash = "sha256:618a3d6cae6ef8ec88bb76dd80b83cfe415ad4f1d942ca2a903bf6b6ff97a2da"},
    {file = "rpds_py-0.18.0-pp38-pypy38_pp73-musllinux_1_2_x86_64.whl", hash = "sha256:ed4eb745efbff0a8e9587d22a84be94a5eb7d2d99c02dacf7bd0911713ed14dd"},
    {file = "rpds_py-0.18.0-pp39-pypy39_pp73-macosx_10_12_x86_64.whl", hash = "sha256:6c81e5f372cd0dc5dc4809553d34f832f60a46034a5f187756d9b90586c2c307"},
    {file = "rpds_py-0.18.0-pp39-pypy39_pp73-macosx_11_0_arm64.whl", hash = "sha256:43fbac5f22e25bee1d482c97474f930a353542855f05c1161fd804c9dc74a09d"},
    {file = "rpds_py-0.18.0-pp39-pypy39_pp73-manylinux_2_17_aarch64.manylinux2014_aarch64.whl", hash = "sha256:6d7faa6f14017c0b1e69f5e2c357b998731ea75a442ab3841c0dbbbfe902d2c4"},
    {file = "rpds_py-0.18.0-pp39-pypy39_pp73-manylinux_2_17_armv7l.manylinux2014_armv7l.whl", hash = "sha256:08231ac30a842bd04daabc4d71fddd7e6d26189406d5a69535638e4dcb88fe76"},
    {file = "rpds_py-0.18.0-pp39-pypy39_pp73-manylinux_2_17_ppc64le.manylinux2014_ppc64le.whl", hash = "sha256:044a3e61a7c2dafacae99d1e722cc2d4c05280790ec5a05031b3876809d89a5c"},
    {file = "rpds_py-0.18.0-pp39-pypy39_pp73-manylinux_2_17_s390x.manylinux2014_s390x.whl", hash = "sha256:3f26b5bd1079acdb0c7a5645e350fe54d16b17bfc5e71f371c449383d3342e17"},
    {file = "rpds_py-0.18.0-pp39-pypy39_pp73-manylinux_2_17_x86_64.manylinux2014_x86_64.whl", hash = "sha256:482103aed1dfe2f3b71a58eff35ba105289b8d862551ea576bd15479aba01f66"},
    {file = "rpds_py-0.18.0-pp39-pypy39_pp73-manylinux_2_5_i686.manylinux1_i686.whl", hash = "sha256:1374f4129f9bcca53a1bba0bb86bf78325a0374577cf7e9e4cd046b1e6f20e24"},
    {file = "rpds_py-0.18.0-pp39-pypy39_pp73-musllinux_1_2_aarch64.whl", hash = "sha256:635dc434ff724b178cb192c70016cc0ad25a275228f749ee0daf0eddbc8183b1"},
    {file = "rpds_py-0.18.0-pp39-pypy39_pp73-musllinux_1_2_i686.whl", hash = "sha256:bc362ee4e314870a70f4ae88772d72d877246537d9f8cb8f7eacf10884862432"},
    {file = "rpds_py-0.18.0-pp39-pypy39_pp73-musllinux_1_2_x86_64.whl", hash = "sha256:4832d7d380477521a8c1644bbab6588dfedea5e30a7d967b5fb75977c45fd77f"},
    {file = "rpds_py-0.18.0.tar.gz", hash = "sha256:42821446ee7a76f5d9f71f9e33a4fb2ffd724bb3e7f93386150b61a43115788d"},
]

[[package]]
name = "ruff"
version = "0.11.3"
requires_python = ">=3.7"
summary = "An extremely fast Python linter and code formatter, written in Rust."
groups = ["dev"]
files = [
    {file = "ruff-0.11.3-py3-none-linux_armv6l.whl", hash = "sha256:cb893a5eedff45071d52565300a20cd4ac088869e156b25e0971cb98c06f5dd7"},
    {file = "ruff-0.11.3-py3-none-macosx_10_12_x86_64.whl", hash = "sha256:58edd48af0e201e2f494789de80f5b2f2b46c9a2991a12ea031254865d5f6aa3"},
    {file = "ruff-0.11.3-py3-none-macosx_11_0_arm64.whl", hash = "sha256:520f6ade25cea98b2e5cb29eb0906f6a0339c6b8e28a024583b867f48295f1ed"},
    {file = "ruff-0.11.3-py3-none-manylinux_2_17_aarch64.manylinux2014_aarch64.whl", hash = "sha256:d1ca4405a93ebbc05e924358f872efceb1498c3d52a989ddf9476712a5480b16"},
    {file = "ruff-0.11.3-py3-none-manylinux_2_17_armv7l.manylinux2014_armv7l.whl", hash = "sha256:f4341d38775a6be605ce7cd50e951b89de65cbd40acb0399f95b8e1524d604c8"},
    {file = "ruff-0.11.3-py3-none-manylinux_2_17_i686.manylinux2014_i686.whl", hash = "sha256:72bf5b49e4b546f4bea6c05448ab71919b09cf75363adf5e3bf5276124afd31c"},
    {file = "ruff-0.11.3-py3-none-manylinux_2_17_ppc64.manylinux2014_ppc64.whl", hash = "sha256:9fa791ee6c3629ba7f9ba2c8f2e76178b03f3eaefb920e426302115259819237"},
    {file = "ruff-0.11.3-py3-none-manylinux_2_17_ppc64le.manylinux2014_ppc64le.whl", hash = "sha256:2c81d3fe718f4d303aaa4ccdcd0f43e23bb2127da3353635f718394ca9b26721"},
    {file = "ruff-0.11.3-py3-none-manylinux_2_17_s390x.manylinux2014_s390x.whl", hash = "sha256:4e4c38e9b6c01caaba46b6d8e732791f4c78389a9923319991d55b298017ce02"},
    {file = "ruff-0.11.3-py3-none-manylinux_2_17_x86_64.manylinux2014_x86_64.whl", hash = "sha256:9686f5d1a2b4c918b5a6e9876bfe7f47498a990076624d41f57d17aadd02a4dd"},
    {file = "ruff-0.11.3-py3-none-musllinux_1_2_aarch64.whl", hash = "sha256:4800ddc4764d42d8961ce4cb972bcf5cc2730d11cca3f11f240d9f7360460408"},
    {file = "ruff-0.11.3-py3-none-musllinux_1_2_armv7l.whl", hash = "sha256:e63a2808879361aa9597d88d86380d8fb934953ef91f5ff3dafe18d9cb0b1e14"},
    {file = "ruff-0.11.3-py3-none-musllinux_1_2_i686.whl", hash = "sha256:8f8b1c4ae62638cc220df440140c21469232d8f2cb7f5059f395f7f48dcdb59e"},
    {file = "ruff-0.11.3-py3-none-musllinux_1_2_x86_64.whl", hash = "sha256:3ea2026be50f6b1fbedd2d1757d004e1e58bd0f414efa2a6fa01235468d4c82a"},
    {file = "ruff-0.11.3-py3-none-win32.whl", hash = "sha256:73d8b90d12674a0c6e98cd9e235f2dcad09d1a80e559a585eac994bb536917a3"},
    {file = "ruff-0.11.3-py3-none-win_amd64.whl", hash = "sha256:faf1bfb0a51fb3a82aa1112cb03658796acef978e37c7f807d3ecc50b52ecbf6"},
    {file = "ruff-0.11.3-py3-none-win_arm64.whl", hash = "sha256:67f8b68d7ab909f08af1fb601696925a89d65083ae2bb3ab286e572b5dc456aa"},
    {file = "ruff-0.11.3.tar.gz", hash = "sha256:8d5fcdb3bb359adc12b757ed832ee743993e7474b9de714bb9ea13c4a8458bf9"},
]

[[package]]
name = "sqlparse"
version = "0.5.0"
requires_python = ">=3.8"
summary = "A non-validating SQL parser."
groups = ["default", "dev"]
files = [
    {file = "sqlparse-0.5.0-py3-none-any.whl", hash = "sha256:c204494cd97479d0e39f28c93d46c0b2d5959c7b9ab904762ea6c7af211c8663"},
    {file = "sqlparse-0.5.0.tar.gz", hash = "sha256:714d0a4932c059d16189f58ef5411ec2287a4360f17cdd0edd2d09d4c5087c93"},
]

[[package]]
name = "tzdata"
version = "2024.1"
requires_python = ">=2"
summary = "Provider of IANA time zone data"
groups = ["default", "dev"]
marker = "sys_platform == \"win32\""
files = [
    {file = "tzdata-2024.1-py2.py3-none-any.whl", hash = "sha256:9068bc196136463f5245e51efda838afa15aaeca9903f49050dfa2679db4d252"},
    {file = "tzdata-2024.1.tar.gz", hash = "sha256:2674120f8d891909751c38abcdfd386ac0a5a1127954fbc332af6b5ceae07efd"},
]

[[package]]
name = "uritemplate"
version = "4.1.1"
requires_python = ">=3.6"
summary = "Implementation of RFC 6570 URI Templates"
groups = ["dev"]
files = [
    {file = "uritemplate-4.1.1-py2.py3-none-any.whl", hash = "sha256:830c08b8d99bdd312ea4ead05994a38e8936266f84b9a7878232db50b044e02e"},
    {file = "uritemplate-4.1.1.tar.gz", hash = "sha256:4346edfc5c3b79f694bccd6d6099a322bbeb628dbf2cd86eea55a456ce5124f0"},
]
